
Microsoft Visual Studio Solution File, Format Version 12.00
# Visual Studio Version 17
VisualStudioVersion = 17.8.34316.72
MinimumVisualStudioVersion = 10.0.40219.1
Project("{FAE04EC0-301F-11D3-BF4B-00C04F79EFBC}") = "Apka_bazodanowa", "Apka_bazodanowa\Apka_bazodanowa.csproj", "{89A90A8E-4C5C-4D04-9014-12577D346150}"
EndProject
Project("{FAE04EC0-301F-11D3-BF4B-00C04F79EFBC}") = "App_window_database", "App_window_database\App_window_database.csproj", "{CCEB8AE2-DD8C-4D1C-9A0F-0CB44ED44E23}"
EndProject
Global
	GlobalSection(SolutionConfigurationPlatforms) = preSolution
		Debug|Any CPU = Debug|Any CPU
		Release|Any CPU = Release|Any CPU
	EndGlobalSection
	GlobalSection(ProjectConfigurationPlatforms) = postSolution
		{89A90A8E-4C5C-4D04-9014-12577D346150}.Debug|Any CPU.ActiveCfg = Debug|Any CPU
		{89A90A8E-4C5C-4D04-9014-12577D346150}.Debug|Any CPU.Build.0 = Debug|Any CPU
		{89A90A8E-4C5C-4D04-9014-12577D346150}.Release|Any CPU.ActiveCfg = Release|Any CPU
		{89A90A8E-4C5C-4D04-9014-12577D346150}.Release|Any CPU.Build.0 = Release|Any CPU
		{CCEB8AE2-DD8C-4D1C-9A0F-0CB44ED44E23}.Debug|Any CPU.ActiveCfg = Debug|Any CPU
		{CCEB8AE2-DD8C-4D1C-9A0F-0CB44ED44E23}.Debug|Any CPU.Build.0 = Debug|Any CPU
		{CCEB8AE2-DD8C-4D1C-9A0F-0CB44ED44E23}.Release|Any CPU.ActiveCfg = Release|Any CPU
		{CCEB8AE2-DD8C-4D1C-9A0F-0CB44ED44E23}.Release|Any CPU.Build.0 = Release|Any CPU
	EndGlobalSection
	GlobalSection(SolutionProperties) = preSolution
		HideSolutionNode = FALSE
	EndGlobalSection
	GlobalSection(ExtensibilityGlobals) = postSolution
		SolutionGuid = {3956C9B8-6961-4F89-AAF5-256E44B433E3}
	EndGlobalSection
EndGlobal
